
Microsoft Visual Studio Solution File, Format Version 12.00
# Visual Studio 16
Project("{FAE04EC0-301F-11D3-BF4B-00C04F79EFBC}") = "Assembly-CSharp", "Assembly-CSharp.csproj", "{888253C0-537E-7753-AB51-3636A38A713B}"
EndProject
Project("{FAE04EC0-301F-11D3-BF4B-00C04F79EFBC}") = "AstarPathfindingProject", "AstarPathfindingProject.csproj", "{BF6CDAAB-2678-2012-A8A2-AF00623D443E}"
EndProject
Project("{FAE04EC0-301F-11D3-BF4B-00C04F79EFBC}") = "AstarPathfindingProjectEditor", "AstarPathfindingProjectEditor.csproj", "{BE924400-552E-D87E-F70C-B701E4EEDB08}"
EndProject
Project("{FAE04EC0-301F-11D3-BF4B-00C04F79EFBC}") = "PackageToolsEditor", "PackageToolsEditor.csproj", "{31F70EEE-19BE-F1B6-5630-C7D5ED379E57}"
EndProject
Project("{FAE04EC0-301F-11D3-BF4B-00C04F79EFBC}") = "Assembly-CSharp-Editor", "Assembly-CSharp-Editor.csproj", "{A7EF9F39-EA58-F6B8-37A2-25EF7FBEF236}"
EndProject
Global
	GlobalSection(SolutionConfigurationPlatforms) = preSolution
		Debug|Any CPU = Debug|Any CPU
		Release|Any CPU = Release|Any CPU
	EndGlobalSection
	GlobalSection(ProjectConfigurationPlatforms) = postSolution
		{888253C0-537E-7753-AB51-3636A38A713B}.Debug|Any CPU.ActiveCfg = Debug|Any CPU
		{888253C0-537E-7753-AB51-3636A38A713B}.Debug|Any CPU.Build.0 = Debug|Any CPU
		{888253C0-537E-7753-AB51-3636A38A713B}.Release|Any CPU.ActiveCfg = Release|Any CPU
		{888253C0-537E-7753-AB51-3636A38A713B}.Release|Any CPU.Build.0 = Release|Any CPU
		{BF6CDAAB-2678-2012-A8A2-AF00623D443E}.Debug|Any CPU.ActiveCfg = Debug|Any CPU
		{BF6CDAAB-2678-2012-A8A2-AF00623D443E}.Debug|Any CPU.Build.0 = Debug|Any CPU
		{BF6CDAAB-2678-2012-A8A2-AF00623D443E}.Release|Any CPU.ActiveCfg = Release|Any CPU
		{BF6CDAAB-2678-2012-A8A2-AF00623D443E}.Release|Any CPU.Build.0 = Release|Any CPU
		{BE924400-552E-D87E-F70C-B701E4EEDB08}.Debug|Any CPU.ActiveCfg = Debug|Any CPU
		{BE924400-552E-D87E-F70C-B701E4EEDB08}.Debug|Any CPU.Build.0 = Debug|Any CPU
		{BE924400-552E-D87E-F70C-B701E4EEDB08}.Release|Any CPU.ActiveCfg = Release|Any CPU
		{BE924400-552E-D87E-F70C-B701E4EEDB08}.Release|Any CPU.Build.0 = Release|Any CPU
		{31F70EEE-19BE-F1B6-5630-C7D5ED379E57}.Debug|Any CPU.ActiveCfg = Debug|Any CPU
		{31F70EEE-19BE-F1B6-5630-C7D5ED379E57}.Debug|Any CPU.Build.0 = Debug|Any CPU
		{31F70EEE-19BE-F1B6-5630-C7D5ED379E57}.Release|Any CPU.ActiveCfg = Release|Any CPU
		{31F70EEE-19BE-F1B6-5630-C7D5ED379E57}.Release|Any CPU.Build.0 = Release|Any CPU
		{A7EF9F39-EA58-F6B8-37A2-25EF7FBEF236}.Debug|Any CPU.ActiveCfg = Debug|Any CPU
		{A7EF9F39-EA58-F6B8-37A2-25EF7FBEF236}.Debug|Any CPU.Build.0 = Debug|Any CPU
		{A7EF9F39-EA58-F6B8-37A2-25EF7FBEF236}.Release|Any CPU.ActiveCfg = Release|Any CPU
		{A7EF9F39-EA58-F6B8-37A2-25EF7FBEF236}.Release|Any CPU.Build.0 = Release|Any CPU
	EndGlobalSection
	GlobalSection(SolutionProperties) = preSolution
		HideSolutionNode = FALSE
	EndGlobalSection
	GlobalSection(MonoDevelopProperties) = preSolution
		StartupItem = Assembly-CSharp.csproj
	EndGlobalSection
EndGlobal
